
Microsoft Visual Studio Solution File, Format Version 12.00
# Visual Studio Version 16
VisualStudioVersion = 16.0.30907.101
MinimumVisualStudioVersion = 10.0.40219.1
Project("{FAE04EC0-301F-11D3-BF4B-00C04F79EFBC}") = "Renamorizer.Console", "Renamorizer.Console\Renamorizer.Console.csproj", "{21094AA6-F536-4EBE-8F0F-738B67452BB8}"
EndProject
Global
	GlobalSection(SolutionConfigurationPlatforms) = preSolution
		Debug|Any CPU = Debug|Any CPU
		Release|Any CPU = Release|Any CPU
	EndGlobalSection
	GlobalSection(ProjectConfigurationPlatforms) = postSolution
		{21094AA6-F536-4EBE-8F0F-738B67452BB8}.Debug|Any CPU.ActiveCfg = Debug|Any CPU
		{21094AA6-F536-4EBE-8F0F-738B67452BB8}.Debug|Any CPU.Build.0 = Debug|Any CPU
		{21094AA6-F536-4EBE-8F0F-738B67452BB8}.Release|Any CPU.ActiveCfg = Release|Any CPU
		{21094AA6-F536-4EBE-8F0F-738B67452BB8}.Release|Any CPU.Build.0 = Release|Any CPU
	EndGlobalSection
	GlobalSection(SolutionProperties) = preSolution
		HideSolutionNode = FALSE
	EndGlobalSection
	GlobalSection(ExtensibilityGlobals) = postSolution
		SolutionGuid = {11DC952E-3BF6-452D-B475-8316E30C7C78}
	EndGlobalSection
EndGlobal
